
Microsoft Visual Studio Solution File, Format Version 12.00
# Visual Studio Version 17
VisualStudioVersion = 17.11.35327.3
MinimumVisualStudioVersion = 10.0.40219.1
Project("{FAE04EC0-301F-11D3-BF4B-00C04F79EFBC}") = "Galaxy", "Galaxy.csproj", "{A6C69E90-0619-4001-963C-CEB441A567BB}"
EndProject
Global
	GlobalSection(SolutionConfigurationPlatforms) = preSolution
		Debug|Any CPU = Debug|Any CPU
		Release|Any CPU = Release|Any CPU
	EndGlobalSection
	GlobalSection(ProjectConfigurationPlatforms) = postSolution
		{A6C69E90-0619-4001-963C-CEB441A567BB}.Debug|Any CPU.ActiveCfg = Debug|Any CPU
		{A6C69E90-0619-4001-963C-CEB441A567BB}.Debug|Any CPU.Build.0 = Debug|Any CPU
		{A6C69E90-0619-4001-963C-CEB441A567BB}.Release|Any CPU.ActiveCfg = Release|Any CPU
		{A6C69E90-0619-4001-963C-CEB441A567BB}.Release|Any CPU.Build.0 = Release|Any CPU
	EndGlobalSection
	GlobalSection(SolutionProperties) = preSolution
		HideSolutionNode = FALSE
	EndGlobalSection
	GlobalSection(ExtensibilityGlobals) = postSolution
		SolutionGuid = {9C89A03A-8C37-4467-9E61-8B9DBD3585BA}
	EndGlobalSection
EndGlobal
